
Microsoft Visual Studio Solution File, Format Version 12.00
# Visual Studio Version 17
VisualStudioVersion = 17.7.34024.191
MinimumVisualStudioVersion = 10.0.40219.1
Project("{FAE04EC0-301F-11D3-BF4B-00C04F79EFBC}") = "3_1", "3_1\3_1.csproj", "{EBA235C7-D09C-4B23-BBE4-7000BD12EF52}"
EndProject
Global
	GlobalSection(SolutionConfigurationPlatforms) = preSolution
		Debug|Any CPU = Debug|Any CPU
		Release|Any CPU = Release|Any CPU
	EndGlobalSection
	GlobalSection(ProjectConfigurationPlatforms) = postSolution
		{EBA235C7-D09C-4B23-BBE4-7000BD12EF52}.Debug|Any CPU.ActiveCfg = Debug|Any CPU
		{EBA235C7-D09C-4B23-BBE4-7000BD12EF52}.Debug|Any CPU.Build.0 = Debug|Any CPU
		{EBA235C7-D09C-4B23-BBE4-7000BD12EF52}.Release|Any CPU.ActiveCfg = Release|Any CPU
		{EBA235C7-D09C-4B23-BBE4-7000BD12EF52}.Release|Any CPU.Build.0 = Release|Any CPU
	EndGlobalSection
	GlobalSection(SolutionProperties) = preSolution
		HideSolutionNode = FALSE
	EndGlobalSection
	GlobalSection(ExtensibilityGlobals) = postSolution
		SolutionGuid = {BC5698F8-B1D6-4ADD-AB34-45A6B59E4DA3}
	EndGlobalSection
EndGlobal
